
Microsoft Visual Studio Solution File, Format Version 12.00
# Visual Studio Version 16
VisualStudioVersion = 16.0.31205.134
MinimumVisualStudioVersion = 10.0.40219.1
Project("{FAE04EC0-301F-11D3-BF4B-00C04F79EFBC}") = "S4_NETCOREWEB_JQUERYMVC.DatabaseFirst", "S4_NETCOREWEB_JQUERYMVC.DatabaseFirst\S4_NETCOREWEB_JQUERYMVC.DatabaseFirst.csproj", "{A679C15B-1948-4F6A-8F3A-0F60D5B78B7B}"
EndProject
Global
	GlobalSection(SolutionConfigurationPlatforms) = preSolution
		Debug|Any CPU = Debug|Any CPU
		Release|Any CPU = Release|Any CPU
	EndGlobalSection
	GlobalSection(ProjectConfigurationPlatforms) = postSolution
		{A679C15B-1948-4F6A-8F3A-0F60D5B78B7B}.Debug|Any CPU.ActiveCfg = Debug|Any CPU
		{A679C15B-1948-4F6A-8F3A-0F60D5B78B7B}.Debug|Any CPU.Build.0 = Debug|Any CPU
		{A679C15B-1948-4F6A-8F3A-0F60D5B78B7B}.Release|Any CPU.ActiveCfg = Release|Any CPU
		{A679C15B-1948-4F6A-8F3A-0F60D5B78B7B}.Release|Any CPU.Build.0 = Release|Any CPU
	EndGlobalSection
	GlobalSection(SolutionProperties) = preSolution
		HideSolutionNode = FALSE
	EndGlobalSection
	GlobalSection(ExtensibilityGlobals) = postSolution
		SolutionGuid = {5A98CC94-69CF-4DFD-862D-94CAE9B0DE9A}
	EndGlobalSection
EndGlobal
